
Microsoft Visual Studio Solution File, Format Version 12.00
# Visual Studio 14
VisualStudioVersion = 14.0.22013.1
MinimumVisualStudioVersion = 10.0.40219.1
Project("{FAE04EC0-301F-11D3-BF4B-00C04F79EFBC}") = "KMorcinek.FilesBulkUpdater", "KMorcinek.FilesBulkUpdater\KMorcinek.FilesBulkUpdater.csproj", "{F6B47DEE-2B04-443C-9125-7D1C008CF039}"
EndProject
Project("{FAE04EC0-301F-11D3-BF4B-00C04F79EFBC}") = "KMorcinek.FilesBulkUpdater.Tests", "KMorcinek.FilesBulkUpdater.Tests\KMorcinek.FilesBulkUpdater.Tests.csproj", "{49D079C3-3992-40CE-A8B7-352C8C2995D6}"
EndProject
Global
	GlobalSection(SolutionConfigurationPlatforms) = preSolution
		Debug|Any CPU = Debug|Any CPU
		Release|Any CPU = Release|Any CPU
	EndGlobalSection
	GlobalSection(ProjectConfigurationPlatforms) = postSolution
		{F6B47DEE-2B04-443C-9125-7D1C008CF039}.Debug|Any CPU.ActiveCfg = Debug|Any CPU
		{F6B47DEE-2B04-443C-9125-7D1C008CF039}.Debug|Any CPU.Build.0 = Debug|Any CPU
		{F6B47DEE-2B04-443C-9125-7D1C008CF039}.Release|Any CPU.ActiveCfg = Release|Any CPU
		{F6B47DEE-2B04-443C-9125-7D1C008CF039}.Release|Any CPU.Build.0 = Release|Any CPU
		{49D079C3-3992-40CE-A8B7-352C8C2995D6}.Debug|Any CPU.ActiveCfg = Debug|Any CPU
		{49D079C3-3992-40CE-A8B7-352C8C2995D6}.Debug|Any CPU.Build.0 = Debug|Any CPU
		{49D079C3-3992-40CE-A8B7-352C8C2995D6}.Release|Any CPU.ActiveCfg = Release|Any CPU
		{49D079C3-3992-40CE-A8B7-352C8C2995D6}.Release|Any CPU.Build.0 = Release|Any CPU
	EndGlobalSection
	GlobalSection(SolutionProperties) = preSolution
		HideSolutionNode = FALSE
	EndGlobalSection
EndGlobal
